
Microsoft Visual Studio Solution File, Format Version 12.00
# Visual Studio Version 17
VisualStudioVersion = 17.5.002.0
MinimumVisualStudioVersion = 10.0.40219.1
Project("{9A19103F-16F7-4668-BE54-9A1E7A4F7556}") = "App", "App.csproj", "{B9797D96-59DB-44A5-92FD-AFF5C26303C2}"
EndProject
Global
	GlobalSection(SolutionConfigurationPlatforms) = preSolution
		Debug|Any CPU = Debug|Any CPU
		Release|Any CPU = Release|Any CPU
	EndGlobalSection
	GlobalSection(ProjectConfigurationPlatforms) = postSolution
		{B9797D96-59DB-44A5-92FD-AFF5C26303C2}.Debug|Any CPU.ActiveCfg = Debug|Any CPU
		{B9797D96-59DB-44A5-92FD-AFF5C26303C2}.Debug|Any CPU.Build.0 = Debug|Any CPU
		{B9797D96-59DB-44A5-92FD-AFF5C26303C2}.Release|Any CPU.ActiveCfg = Release|Any CPU
		{B9797D96-59DB-44A5-92FD-AFF5C26303C2}.Release|Any CPU.Build.0 = Release|Any CPU
	EndGlobalSection
	GlobalSection(SolutionProperties) = preSolution
		HideSolutionNode = FALSE
	EndGlobalSection
	GlobalSection(ExtensibilityGlobals) = postSolution
		SolutionGuid = {82C37CBE-BE85-4045-BF17-ED2C7D23514A}
	EndGlobalSection
EndGlobal
